
Microsoft Visual Studio Solution File, Format Version 12.00
# Visual Studio Version 17
VisualStudioVersion = 17.2.32630.192
MinimumVisualStudioVersion = 10.0.40219.1
Project("{FAE04EC0-301F-11D3-BF4B-00C04F79EFBC}") = "WebApplication_example_NET6_dapper", "WebApplication_example_NET6_dapper\WebApplication_example_NET6_dapper.csproj", "{4FD87869-D277-4725-B4AE-D77AAFB9F9F3}"
EndProject
Global
	GlobalSection(SolutionConfigurationPlatforms) = preSolution
		Debug|Any CPU = Debug|Any CPU
		Release|Any CPU = Release|Any CPU
	EndGlobalSection
	GlobalSection(ProjectConfigurationPlatforms) = postSolution
		{4FD87869-D277-4725-B4AE-D77AAFB9F9F3}.Debug|Any CPU.ActiveCfg = Debug|Any CPU
		{4FD87869-D277-4725-B4AE-D77AAFB9F9F3}.Debug|Any CPU.Build.0 = Debug|Any CPU
		{4FD87869-D277-4725-B4AE-D77AAFB9F9F3}.Release|Any CPU.ActiveCfg = Release|Any CPU
		{4FD87869-D277-4725-B4AE-D77AAFB9F9F3}.Release|Any CPU.Build.0 = Release|Any CPU
	EndGlobalSection
	GlobalSection(SolutionProperties) = preSolution
		HideSolutionNode = FALSE
	EndGlobalSection
	GlobalSection(ExtensibilityGlobals) = postSolution
		SolutionGuid = {24F6940B-EDB8-4443-A3A8-30DFBF18E106}
	EndGlobalSection
EndGlobal
